{
  "name": "tiny3d-rsp-tests",
  "lockfileVersion": 3,
  "requires": true,
  "packages": {
    "": {
      "name": "tiny3d-rsp-tests",
      "dependencies": {
        "rsp-wasm": "^1.1.0"
      }
    },
    "node_modules/rsp-wasm": {
      "version": "1.1.0",
      "resolved": "https://registry.npmjs.org/rsp-wasm/-/rsp-wasm-1.1.0.tgz",
      "integrity": "sha512-GdKrZZYkMbPRu3I+V8nLiHcawifHGSPlwhoeJ/Ygla/8QbCo6m+Tnj4bVpTwu64Uiqwwzj9KA3ShUp1DUCYOjg==",
      "license": "ISC"
    }
  }
}
